
Microsoft Visual Studio Solution File, Format Version 12.00
# Visual Studio Version 17
VisualStudioVersion = 17.0.32014.148
MinimumVisualStudioVersion = 10.0.40219.1
Project("{9A19103F-16F7-4668-BE54-9A1E7A4F7556}") = "Company.Team.StudentMgmt.Models", "Company.Team.StudentMgmt.Models\Company.Team.StudentMgmt.Models.csproj", "{2DEB5E67-0351-40DC-80E9-CEA8C62B8C47}"
EndProject
Project("{FAE04EC0-301F-11D3-BF4B-00C04F79EFBC}") = "Company.Team.StudentMgmt.StudentService", "Company.Team.StudentMgmt.StudentService\Company.Team.StudentMgmt.StudentService.csproj", "{ED595D84-6318-4E42-955E-282C01B8BB07}"
EndProject
Global
	GlobalSection(SolutionConfigurationPlatforms) = preSolution
		Debug|Any CPU = Debug|Any CPU
		Release|Any CPU = Release|Any CPU
	EndGlobalSection
	GlobalSection(ProjectConfigurationPlatforms) = postSolution
		{2DEB5E67-0351-40DC-80E9-CEA8C62B8C47}.Debug|Any CPU.ActiveCfg = Debug|Any CPU
		{2DEB5E67-0351-40DC-80E9-CEA8C62B8C47}.Debug|Any CPU.Build.0 = Debug|Any CPU
		{2DEB5E67-0351-40DC-80E9-CEA8C62B8C47}.Release|Any CPU.ActiveCfg = Release|Any CPU
		{2DEB5E67-0351-40DC-80E9-CEA8C62B8C47}.Release|Any CPU.Build.0 = Release|Any CPU
		{ED595D84-6318-4E42-955E-282C01B8BB07}.Debug|Any CPU.ActiveCfg = Debug|Any CPU
		{ED595D84-6318-4E42-955E-282C01B8BB07}.Debug|Any CPU.Build.0 = Debug|Any CPU
		{ED595D84-6318-4E42-955E-282C01B8BB07}.Release|Any CPU.ActiveCfg = Release|Any CPU
		{ED595D84-6318-4E42-955E-282C01B8BB07}.Release|Any CPU.Build.0 = Release|Any CPU
	EndGlobalSection
	GlobalSection(SolutionProperties) = preSolution
		HideSolutionNode = FALSE
	EndGlobalSection
	GlobalSection(ExtensibilityGlobals) = postSolution
		SolutionGuid = {35955D8C-74CD-48E7-ADA9-87E7D970DC81}
	EndGlobalSection
EndGlobal
